
Microsoft Visual Studio Solution File, Format Version 12.00
# Visual Studio 15
VisualStudioVersion = 15.0.26730.15
MinimumVisualStudioVersion = 10.0.40219.1
Project("{FAE04EC0-301F-11D3-BF4B-00C04F79EFBC}") = "TesteUnitarioFsharp", "TesteUnitarioFsharp\TesteUnitarioFsharp.csproj", "{4CAA8AE1-269C-495E-BE26-F023FAFB01E5}"
EndProject
Project("{FAE04EC0-301F-11D3-BF4B-00C04F79EFBC}") = "TesteUnitarioFsharp.Teste.Csharp", "TesteUnitarioFsharp.Teste.Csharp\TesteUnitarioFsharp.Teste.Csharp.csproj", "{4A41C0DB-0C19-4F6C-AC1A-597DDC5C0BB3}"
EndProject
Project("{F2A71F9B-5D33-465A-A702-920D77279786}") = "TesteUnitarioFsharp.Testes", "TesteUnitarioFsharp.Testes\TesteUnitarioFsharp.Testes.fsproj", "{B0C0FFAC-7BE4-4A0D-8AAE-75C9670FF3FE}"
EndProject
Global
	GlobalSection(SolutionConfigurationPlatforms) = preSolution
		Debug|Any CPU = Debug|Any CPU
		Release|Any CPU = Release|Any CPU
	EndGlobalSection
	GlobalSection(ProjectConfigurationPlatforms) = postSolution
		{4CAA8AE1-269C-495E-BE26-F023FAFB01E5}.Debug|Any CPU.ActiveCfg = Debug|Any CPU
		{4CAA8AE1-269C-495E-BE26-F023FAFB01E5}.Debug|Any CPU.Build.0 = Debug|Any CPU
		{4CAA8AE1-269C-495E-BE26-F023FAFB01E5}.Release|Any CPU.ActiveCfg = Release|Any CPU
		{4CAA8AE1-269C-495E-BE26-F023FAFB01E5}.Release|Any CPU.Build.0 = Release|Any CPU
		{4A41C0DB-0C19-4F6C-AC1A-597DDC5C0BB3}.Debug|Any CPU.ActiveCfg = Debug|Any CPU
		{4A41C0DB-0C19-4F6C-AC1A-597DDC5C0BB3}.Debug|Any CPU.Build.0 = Debug|Any CPU
		{4A41C0DB-0C19-4F6C-AC1A-597DDC5C0BB3}.Release|Any CPU.ActiveCfg = Release|Any CPU
		{4A41C0DB-0C19-4F6C-AC1A-597DDC5C0BB3}.Release|Any CPU.Build.0 = Release|Any CPU
		{B0C0FFAC-7BE4-4A0D-8AAE-75C9670FF3FE}.Debug|Any CPU.ActiveCfg = Debug|Any CPU
		{B0C0FFAC-7BE4-4A0D-8AAE-75C9670FF3FE}.Debug|Any CPU.Build.0 = Debug|Any CPU
		{B0C0FFAC-7BE4-4A0D-8AAE-75C9670FF3FE}.Release|Any CPU.ActiveCfg = Release|Any CPU
		{B0C0FFAC-7BE4-4A0D-8AAE-75C9670FF3FE}.Release|Any CPU.Build.0 = Release|Any CPU
	EndGlobalSection
	GlobalSection(SolutionProperties) = preSolution
		HideSolutionNode = FALSE
	EndGlobalSection
	GlobalSection(ExtensibilityGlobals) = postSolution
		SolutionGuid = {D17ABCD6-7B1D-4903-9924-F3549F6E1B4F}
	EndGlobalSection
EndGlobal
