
Microsoft Visual Studio Solution File, Format Version 12.00
# Visual Studio Version 16
VisualStudioVersion = 16.0.28803.352
MinimumVisualStudioVersion = 10.0.40219.1
Project("{F2A71F9B-5D33-465A-A702-920D77279786}") = "AsyncWorkflow", "AsyncWorkflow\AsyncWorkflow.fsproj", "{97632AEF-0B72-44B0-AB10-8A4D5C8BB26D}"
EndProject
Global
	GlobalSection(SolutionConfigurationPlatforms) = preSolution
		Debug|Any CPU = Debug|Any CPU
		Release|Any CPU = Release|Any CPU
	EndGlobalSection
	GlobalSection(ProjectConfigurationPlatforms) = postSolution
		{97632AEF-0B72-44B0-AB10-8A4D5C8BB26D}.Debug|Any CPU.ActiveCfg = Debug|Any CPU
		{97632AEF-0B72-44B0-AB10-8A4D5C8BB26D}.Debug|Any CPU.Build.0 = Debug|Any CPU
		{97632AEF-0B72-44B0-AB10-8A4D5C8BB26D}.Release|Any CPU.ActiveCfg = Release|Any CPU
		{97632AEF-0B72-44B0-AB10-8A4D5C8BB26D}.Release|Any CPU.Build.0 = Release|Any CPU
	EndGlobalSection
	GlobalSection(SolutionProperties) = preSolution
		HideSolutionNode = FALSE
	EndGlobalSection
	GlobalSection(ExtensibilityGlobals) = postSolution
		SolutionGuid = {7884D6C8-624C-49F7-B177-6E91797F487B}
	EndGlobalSection
EndGlobal
